
Microsoft Visual Studio Solution File, Format Version 12.00
# Visual Studio 15
VisualStudioVersion = 15.0.26430.12
MinimumVisualStudioVersion = 10.0.40219.1
Project("{FAE04EC0-301F-11D3-BF4B-00C04F79EFBC}") = "MatrixOfPalindromes", "MatrixOfPalindromes\MatrixOfPalindromes.csproj", "{6C1DA273-F9A3-4AA9-834F-B5C4AB54361D}"
EndProject
Project("{FAE04EC0-301F-11D3-BF4B-00C04F79EFBC}") = "DiagonalDifference", "DiagonalDifference\DiagonalDifference.csproj", "{2E138EEA-CA9F-40DC-AE61-4F94CDBC98F4}"
EndProject
Project("{FAE04EC0-301F-11D3-BF4B-00C04F79EFBC}") = "SquaresInMatrix", "SquaresInMatrix\SquaresInMatrix.csproj", "{65657F7D-ECC2-403D-94F1-4BA7FDF34098}"
EndProject
Project("{FAE04EC0-301F-11D3-BF4B-00C04F79EFBC}") = "MaximalSum", "MaximalSum\MaximalSum.csproj", "{8FC623EF-36D3-4AEB-9C93-FF625390F5AC}"
EndProject
Project("{FAE04EC0-301F-11D3-BF4B-00C04F79EFBC}") = "RubiksMatrix", "RubiksMatrix\RubiksMatrix.csproj", "{CB7598C7-086F-4985-BB39-BD9E343B54DA}"
EndProject
Project("{FAE04EC0-301F-11D3-BF4B-00C04F79EFBC}") = "TargetPractice", "TargetPractice\TargetPractice.csproj", "{0642B5DA-C50A-4FE4-8418-B781ABEB1282}"
EndProject
Project("{FAE04EC0-301F-11D3-BF4B-00C04F79EFBC}") = "LegoBlocks", "LegoBlocks\LegoBlocks.csproj", "{030D3E7A-5D47-4625-9AA5-6FCD100621B3}"
EndProject
Project("{FAE04EC0-301F-11D3-BF4B-00C04F79EFBC}") = "RadioactiveBunnies", "RadioactiveBunnies\RadioactiveBunnies.csproj", "{DF970E6E-552C-4835-B6FC-86C7CE035975}"
EndProject
Project("{FAE04EC0-301F-11D3-BF4B-00C04F79EFBC}") = "Crossfire", "Crossfire\Crossfire.csproj", "{7EF66D26-4702-42FB-94EA-A4CE92393A8C}"
EndProject
Project("{FAE04EC0-301F-11D3-BF4B-00C04F79EFBC}") = "ParkingSystem", "ParkingSystem\ParkingSystem.csproj", "{3AD08008-67A7-4ED5-9A8C-6B72E8AE077D}"
EndProject
Project("{FAE04EC0-301F-11D3-BF4B-00C04F79EFBC}") = "StringMatrixRotation", "StringMatrixRotation\StringMatrixRotation.csproj", "{ABE090AB-73EE-4BCE-9E89-6B9578D9F560}"
EndProject
Global
	GlobalSection(SolutionConfigurationPlatforms) = preSolution
		Debug|Any CPU = Debug|Any CPU
		Release|Any CPU = Release|Any CPU
	EndGlobalSection
	GlobalSection(ProjectConfigurationPlatforms) = postSolution
		{6C1DA273-F9A3-4AA9-834F-B5C4AB54361D}.Debug|Any CPU.ActiveCfg = Debug|Any CPU
		{6C1DA273-F9A3-4AA9-834F-B5C4AB54361D}.Debug|Any CPU.Build.0 = Debug|Any CPU
		{6C1DA273-F9A3-4AA9-834F-B5C4AB54361D}.Release|Any CPU.ActiveCfg = Release|Any CPU
		{6C1DA273-F9A3-4AA9-834F-B5C4AB54361D}.Release|Any CPU.Build.0 = Release|Any CPU
		{2E138EEA-CA9F-40DC-AE61-4F94CDBC98F4}.Debug|Any CPU.ActiveCfg = Debug|Any CPU
		{2E138EEA-CA9F-40DC-AE61-4F94CDBC98F4}.Debug|Any CPU.Build.0 = Debug|Any CPU
		{2E138EEA-CA9F-40DC-AE61-4F94CDBC98F4}.Release|Any CPU.ActiveCfg = Release|Any CPU
		{2E138EEA-CA9F-40DC-AE61-4F94CDBC98F4}.Release|Any CPU.Build.0 = Release|Any CPU
		{65657F7D-ECC2-403D-94F1-4BA7FDF34098}.Debug|Any CPU.ActiveCfg = Debug|Any CPU
		{65657F7D-ECC2-403D-94F1-4BA7FDF34098}.Debug|Any CPU.Build.0 = Debug|Any CPU
		{65657F7D-ECC2-403D-94F1-4BA7FDF34098}.Release|Any CPU.ActiveCfg = Release|Any CPU
		{65657F7D-ECC2-403D-94F1-4BA7FDF34098}.Release|Any CPU.Build.0 = Release|Any CPU
		{8FC623EF-36D3-4AEB-9C93-FF625390F5AC}.Debug|Any CPU.ActiveCfg = Debug|Any CPU
		{8FC623EF-36D3-4AEB-9C93-FF625390F5AC}.Debug|Any CPU.Build.0 = Debug|Any CPU
		{8FC623EF-36D3-4AEB-9C93-FF625390F5AC}.Release|Any CPU.ActiveCfg = Release|Any CPU
		{8FC623EF-36D3-4AEB-9C93-FF625390F5AC}.Release|Any CPU.Build.0 = Release|Any CPU
		{CB7598C7-086F-4985-BB39-BD9E343B54DA}.Debug|Any CPU.ActiveCfg = Debug|Any CPU
		{CB7598C7-086F-4985-BB39-BD9E343B54DA}.Debug|Any CPU.Build.0 = Debug|Any CPU
		{CB7598C7-086F-4985-BB39-BD9E343B54DA}.Release|Any CPU.ActiveCfg = Release|Any CPU
		{CB7598C7-086F-4985-BB39-BD9E343B54DA}.Release|Any CPU.Build.0 = Release|Any CPU
		{0642B5DA-C50A-4FE4-8418-B781ABEB1282}.Debug|Any CPU.ActiveCfg = Debug|Any CPU
		{0642B5DA-C50A-4FE4-8418-B781ABEB1282}.Debug|Any CPU.Build.0 = Debug|Any CPU
		{0642B5DA-C50A-4FE4-8418-B781ABEB1282}.Release|Any CPU.ActiveCfg = Release|Any CPU
		{0642B5DA-C50A-4FE4-8418-B781ABEB1282}.Release|Any CPU.Build.0 = Release|Any CPU
		{030D3E7A-5D47-4625-9AA5-6FCD100621B3}.Debug|Any CPU.ActiveCfg = Debug|Any CPU
		{030D3E7A-5D47-4625-9AA5-6FCD100621B3}.Debug|Any CPU.Build.0 = Debug|Any CPU
		{030D3E7A-5D47-4625-9AA5-6FCD100621B3}.Release|Any CPU.ActiveCfg = Release|Any CPU
		{030D3E7A-5D47-4625-9AA5-6FCD100621B3}.Release|Any CPU.Build.0 = Release|Any CPU
		{DF970E6E-552C-4835-B6FC-86C7CE035975}.Debug|Any CPU.ActiveCfg = Debug|Any CPU
		{DF970E6E-552C-4835-B6FC-86C7CE035975}.Debug|Any CPU.Build.0 = Debug|Any CPU
		{DF970E6E-552C-4835-B6FC-86C7CE035975}.Release|Any CPU.ActiveCfg = Release|Any CPU
		{DF970E6E-552C-4835-B6FC-86C7CE035975}.Release|Any CPU.Build.0 = Release|Any CPU
		{7EF66D26-4702-42FB-94EA-A4CE92393A8C}.Debug|Any CPU.ActiveCfg = Debug|Any CPU
		{7EF66D26-4702-42FB-94EA-A4CE92393A8C}.Debug|Any CPU.Build.0 = Debug|Any CPU
		{7EF66D26-4702-42FB-94EA-A4CE92393A8C}.Release|Any CPU.ActiveCfg = Release|Any CPU
		{7EF66D26-4702-42FB-94EA-A4CE92393A8C}.Release|Any CPU.Build.0 = Release|Any CPU
		{3AD08008-67A7-4ED5-9A8C-6B72E8AE077D}.Debug|Any CPU.ActiveCfg = Debug|Any CPU
		{3AD08008-67A7-4ED5-9A8C-6B72E8AE077D}.Debug|Any CPU.Build.0 = Debug|Any CPU
		{3AD08008-67A7-4ED5-9A8C-6B72E8AE077D}.Release|Any CPU.ActiveCfg = Release|Any CPU
		{3AD08008-67A7-4ED5-9A8C-6B72E8AE077D}.Release|Any CPU.Build.0 = Release|Any CPU
		{ABE090AB-73EE-4BCE-9E89-6B9578D9F560}.Debug|Any CPU.ActiveCfg = Debug|Any CPU
		{ABE090AB-73EE-4BCE-9E89-6B9578D9F560}.Debug|Any CPU.Build.0 = Debug|Any CPU
		{ABE090AB-73EE-4BCE-9E89-6B9578D9F560}.Release|Any CPU.ActiveCfg = Release|Any CPU
		{ABE090AB-73EE-4BCE-9E89-6B9578D9F560}.Release|Any CPU.Build.0 = Release|Any CPU
	EndGlobalSection
	GlobalSection(SolutionProperties) = preSolution
		HideSolutionNode = FALSE
	EndGlobalSection
EndGlobal
