
Microsoft Visual Studio Solution File, Format Version 12.00
# Visual Studio 15
VisualStudioVersion = 15.0.26430.16
MinimumVisualStudioVersion = 10.0.40219.1
Project("{FAE04EC0-301F-11D3-BF4B-00C04F79EFBC}") = "Weekdays", "Weekdays\Weekdays.csproj", "{CC8A33EA-E95A-4F27-A9F2-5C7CBA8F38E8}"
EndProject
Project("{FAE04EC0-301F-11D3-BF4B-00C04F79EFBC}") = "CustomCoffeeMachine", "CustomCoffeeMachine\CustomCoffeeMachine.csproj", "{ECEFF433-96D3-45A3-8C7F-FD703ECCBB89}"
EndProject
Project("{FAE04EC0-301F-11D3-BF4B-00C04F79EFBC}") = "CreateAttribute", "CreateAttribute\CreateAttribute.csproj", "{4E54B1B8-A252-4816-B961-D803DC1014B0}"
EndProject
Global
	GlobalSection(SolutionConfigurationPlatforms) = preSolution
		Debug|Any CPU = Debug|Any CPU
		Release|Any CPU = Release|Any CPU
	EndGlobalSection
	GlobalSection(ProjectConfigurationPlatforms) = postSolution
		{CC8A33EA-E95A-4F27-A9F2-5C7CBA8F38E8}.Debug|Any CPU.ActiveCfg = Debug|Any CPU
		{CC8A33EA-E95A-4F27-A9F2-5C7CBA8F38E8}.Debug|Any CPU.Build.0 = Debug|Any CPU
		{CC8A33EA-E95A-4F27-A9F2-5C7CBA8F38E8}.Release|Any CPU.ActiveCfg = Release|Any CPU
		{CC8A33EA-E95A-4F27-A9F2-5C7CBA8F38E8}.Release|Any CPU.Build.0 = Release|Any CPU
		{ECEFF433-96D3-45A3-8C7F-FD703ECCBB89}.Debug|Any CPU.ActiveCfg = Debug|Any CPU
		{ECEFF433-96D3-45A3-8C7F-FD703ECCBB89}.Debug|Any CPU.Build.0 = Debug|Any CPU
		{ECEFF433-96D3-45A3-8C7F-FD703ECCBB89}.Release|Any CPU.ActiveCfg = Release|Any CPU
		{ECEFF433-96D3-45A3-8C7F-FD703ECCBB89}.Release|Any CPU.Build.0 = Release|Any CPU
		{4E54B1B8-A252-4816-B961-D803DC1014B0}.Debug|Any CPU.ActiveCfg = Debug|Any CPU
		{4E54B1B8-A252-4816-B961-D803DC1014B0}.Debug|Any CPU.Build.0 = Debug|Any CPU
		{4E54B1B8-A252-4816-B961-D803DC1014B0}.Release|Any CPU.ActiveCfg = Release|Any CPU
		{4E54B1B8-A252-4816-B961-D803DC1014B0}.Release|Any CPU.Build.0 = Release|Any CPU
	EndGlobalSection
	GlobalSection(SolutionProperties) = preSolution
		HideSolutionNode = FALSE
	EndGlobalSection
EndGlobal
