
Microsoft Visual Studio Solution File, Format Version 12.00
# Visual Studio 15
VisualStudioVersion = 15.0.26430.15
MinimumVisualStudioVersion = 10.0.40219.1
Project("{FAE04EC0-301F-11D3-BF4B-00C04F79EFBC}") = "Vehicles", "Vehicles\Vehicles.csproj", "{C1D4A501-6B1E-47EF-BFCD-8F3EABB0E7C7}"
EndProject
Project("{FAE04EC0-301F-11D3-BF4B-00C04F79EFBC}") = "WildFarm", "WildFarm\WildFarm.csproj", "{1BEB4A8C-B242-40EB-943E-1B56D2D5CC50}"
EndProject
Global
	GlobalSection(SolutionConfigurationPlatforms) = preSolution
		Debug|Any CPU = Debug|Any CPU
		Release|Any CPU = Release|Any CPU
	EndGlobalSection
	GlobalSection(ProjectConfigurationPlatforms) = postSolution
		{C1D4A501-6B1E-47EF-BFCD-8F3EABB0E7C7}.Debug|Any CPU.ActiveCfg = Debug|Any CPU
		{C1D4A501-6B1E-47EF-BFCD-8F3EABB0E7C7}.Debug|Any CPU.Build.0 = Debug|Any CPU
		{C1D4A501-6B1E-47EF-BFCD-8F3EABB0E7C7}.Release|Any CPU.ActiveCfg = Release|Any CPU
		{C1D4A501-6B1E-47EF-BFCD-8F3EABB0E7C7}.Release|Any CPU.Build.0 = Release|Any CPU
		{1BEB4A8C-B242-40EB-943E-1B56D2D5CC50}.Debug|Any CPU.ActiveCfg = Debug|Any CPU
		{1BEB4A8C-B242-40EB-943E-1B56D2D5CC50}.Debug|Any CPU.Build.0 = Debug|Any CPU
		{1BEB4A8C-B242-40EB-943E-1B56D2D5CC50}.Release|Any CPU.ActiveCfg = Release|Any CPU
		{1BEB4A8C-B242-40EB-943E-1B56D2D5CC50}.Release|Any CPU.Build.0 = Release|Any CPU
	EndGlobalSection
	GlobalSection(SolutionProperties) = preSolution
		HideSolutionNode = FALSE
	EndGlobalSection
EndGlobal
