
Microsoft Visual Studio Solution File, Format Version 12.00
# Visual Studio 15
VisualStudioVersion = 15.0.26430.16
MinimumVisualStudioVersion = 10.0.40219.1
Project("{FAE04EC0-301F-11D3-BF4B-00C04F79EFBC}") = "DatabaseProblem", "DatabaseProblem\DatabaseProblem.csproj", "{02B24889-0A8E-492D-A5A4-D1F9A7057862}"
EndProject
Project("{FAE04EC0-301F-11D3-BF4B-00C04F79EFBC}") = "DatabaseProblem.Tests", "DatabaseProblem.Tests\DatabaseProblem.Tests.csproj", "{6C7E6C4F-EF84-449C-A7EB-9371DFEF7046}"
EndProject
Project("{FAE04EC0-301F-11D3-BF4B-00C04F79EFBC}") = "IteratorProblem", "IteratorProblem\IteratorProblem.csproj", "{42963BE3-FD64-4DDD-98DB-DE728D75F4C9}"
EndProject
Project("{FAE04EC0-301F-11D3-BF4B-00C04F79EFBC}") = "IteratorProblemTests", "IteratorProblemTests\IteratorProblemTests.csproj", "{84DAAE9C-20A9-4CD1-96B1-7A52FD03BF69}"
EndProject
Project("{FAE04EC0-301F-11D3-BF4B-00C04F79EFBC}") = "BubbleSortProblem", "BubbleSortProblem\BubbleSortProblem.csproj", "{00B84C08-606A-45A4-AB4E-DF5F13D61073}"
EndProject
Project("{FAE04EC0-301F-11D3-BF4B-00C04F79EFBC}") = "BubbleSortProblemTests", "BubbleSortProblemTests\BubbleSortProblemTests.csproj", "{811E33B9-B3ED-4D1B-971C-7F4F45E49499}"
EndProject
Global
	GlobalSection(SolutionConfigurationPlatforms) = preSolution
		Debug|Any CPU = Debug|Any CPU
		Release|Any CPU = Release|Any CPU
	EndGlobalSection
	GlobalSection(ProjectConfigurationPlatforms) = postSolution
		{02B24889-0A8E-492D-A5A4-D1F9A7057862}.Debug|Any CPU.ActiveCfg = Debug|Any CPU
		{02B24889-0A8E-492D-A5A4-D1F9A7057862}.Debug|Any CPU.Build.0 = Debug|Any CPU
		{02B24889-0A8E-492D-A5A4-D1F9A7057862}.Release|Any CPU.ActiveCfg = Release|Any CPU
		{02B24889-0A8E-492D-A5A4-D1F9A7057862}.Release|Any CPU.Build.0 = Release|Any CPU
		{6C7E6C4F-EF84-449C-A7EB-9371DFEF7046}.Debug|Any CPU.ActiveCfg = Debug|Any CPU
		{6C7E6C4F-EF84-449C-A7EB-9371DFEF7046}.Debug|Any CPU.Build.0 = Debug|Any CPU
		{6C7E6C4F-EF84-449C-A7EB-9371DFEF7046}.Release|Any CPU.ActiveCfg = Release|Any CPU
		{6C7E6C4F-EF84-449C-A7EB-9371DFEF7046}.Release|Any CPU.Build.0 = Release|Any CPU
		{42963BE3-FD64-4DDD-98DB-DE728D75F4C9}.Debug|Any CPU.ActiveCfg = Debug|Any CPU
		{42963BE3-FD64-4DDD-98DB-DE728D75F4C9}.Debug|Any CPU.Build.0 = Debug|Any CPU
		{42963BE3-FD64-4DDD-98DB-DE728D75F4C9}.Release|Any CPU.ActiveCfg = Release|Any CPU
		{42963BE3-FD64-4DDD-98DB-DE728D75F4C9}.Release|Any CPU.Build.0 = Release|Any CPU
		{84DAAE9C-20A9-4CD1-96B1-7A52FD03BF69}.Debug|Any CPU.ActiveCfg = Debug|Any CPU
		{84DAAE9C-20A9-4CD1-96B1-7A52FD03BF69}.Debug|Any CPU.Build.0 = Debug|Any CPU
		{84DAAE9C-20A9-4CD1-96B1-7A52FD03BF69}.Release|Any CPU.ActiveCfg = Release|Any CPU
		{84DAAE9C-20A9-4CD1-96B1-7A52FD03BF69}.Release|Any CPU.Build.0 = Release|Any CPU
		{00B84C08-606A-45A4-AB4E-DF5F13D61073}.Debug|Any CPU.ActiveCfg = Debug|Any CPU
		{00B84C08-606A-45A4-AB4E-DF5F13D61073}.Debug|Any CPU.Build.0 = Debug|Any CPU
		{00B84C08-606A-45A4-AB4E-DF5F13D61073}.Release|Any CPU.ActiveCfg = Release|Any CPU
		{00B84C08-606A-45A4-AB4E-DF5F13D61073}.Release|Any CPU.Build.0 = Release|Any CPU
		{811E33B9-B3ED-4D1B-971C-7F4F45E49499}.Debug|Any CPU.ActiveCfg = Debug|Any CPU
		{811E33B9-B3ED-4D1B-971C-7F4F45E49499}.Debug|Any CPU.Build.0 = Debug|Any CPU
		{811E33B9-B3ED-4D1B-971C-7F4F45E49499}.Release|Any CPU.ActiveCfg = Release|Any CPU
		{811E33B9-B3ED-4D1B-971C-7F4F45E49499}.Release|Any CPU.Build.0 = Release|Any CPU
	EndGlobalSection
	GlobalSection(SolutionProperties) = preSolution
		HideSolutionNode = FALSE
	EndGlobalSection
EndGlobal
